
Microsoft Visual Studio Solution File, Format Version 12.00
# Visual Studio Version 16
VisualStudioVersion = 16.0.30907.101
MinimumVisualStudioVersion = 10.0.40219.1
Project("{FAE04EC0-301F-11D3-BF4B-00C04F79EFBC}") = "CRM-Guadalupana", "CRM-Guadalupana\CRM-Guadalupana.csproj", "{AB56C148-F542-4EFA-82EE-4F67F114E057}"
EndProject
Global
	GlobalSection(SolutionConfigurationPlatforms) = preSolution
		Debug|Any CPU = Debug|Any CPU
		Release|Any CPU = Release|Any CPU
	EndGlobalSection
	GlobalSection(ProjectConfigurationPlatforms) = postSolution
		{AB56C148-F542-4EFA-82EE-4F67F114E057}.Debug|Any CPU.ActiveCfg = Debug|Any CPU
		{AB56C148-F542-4EFA-82EE-4F67F114E057}.Debug|Any CPU.Build.0 = Debug|Any CPU
		{AB56C148-F542-4EFA-82EE-4F67F114E057}.Release|Any CPU.ActiveCfg = Release|Any CPU
		{AB56C148-F542-4EFA-82EE-4F67F114E057}.Release|Any CPU.Build.0 = Release|Any CPU
	EndGlobalSection
	GlobalSection(SolutionProperties) = preSolution
		HideSolutionNode = FALSE
	EndGlobalSection
	GlobalSection(ExtensibilityGlobals) = postSolution
		SolutionGuid = {12A9A89D-CF67-4F2D-92F2-809F76A5471E}
	EndGlobalSection
EndGlobal
