
Microsoft Visual Studio Solution File, Format Version 12.00
# Visual Studio Version 16
VisualStudioVersion = 16.0.30804.86
MinimumVisualStudioVersion = 10.0.40219.1
Project("{FAE04EC0-301F-11D3-BF4B-00C04F79EFBC}") = "KB_Guadalupana", "KB_Guadalupana\KB_Guadalupana.csproj", "{12CA1A16-A496-4153-B720-607F4C3D9EBD}"
EndProject
Global
	GlobalSection(SolutionConfigurationPlatforms) = preSolution
		Debug|Any CPU = Debug|Any CPU
		Release|Any CPU = Release|Any CPU
	EndGlobalSection
	GlobalSection(ProjectConfigurationPlatforms) = postSolution
		{12CA1A16-A496-4153-B720-607F4C3D9EBD}.Debug|Any CPU.ActiveCfg = Debug|Any CPU
		{12CA1A16-A496-4153-B720-607F4C3D9EBD}.Debug|Any CPU.Build.0 = Debug|Any CPU
		{12CA1A16-A496-4153-B720-607F4C3D9EBD}.Release|Any CPU.ActiveCfg = Release|Any CPU
		{12CA1A16-A496-4153-B720-607F4C3D9EBD}.Release|Any CPU.Build.0 = Release|Any CPU
	EndGlobalSection
	GlobalSection(SolutionProperties) = preSolution
		HideSolutionNode = FALSE
	EndGlobalSection
	GlobalSection(ExtensibilityGlobals) = postSolution
		SolutionGuid = {14DB9713-37ED-485A-B940-90B80D4CABC7}
	EndGlobalSection
EndGlobal
